{
  "name": "iot-integration-hub-udp-server",
  "version": "1.0.0",
  "lockfileVersion": 3,
  "requires": true,
  "packages": {
    "": {
      "name": "iot-integration-hub-udp-server",
      "version": "1.0.0",
      "license": "ISC",
      "dependencies": {
        "amqplib": "^1.0.7",
        "cbor": "^10.0.3",
        "yaml": "^2.8.4"
      }
    },
    "node_modules/amqplib": {
      "version": "1.0.7",
      "resolved": "https://repo.plus4u.net/operatorGate/repository/public-javascript/amqplib/-/amqplib-1.0.7.tgz",
      "integrity": "sha512-Z2hsSfPS0YuoRYsuVCkj/PRdh9gkdEWgyuVR0F2IVdhTwM/jdRX6aPpGnQ3vTXGhsUZO2uWVAF/+GfCazXYXIg==",
      "license": "MIT",
      "dependencies": {
        "buffer-more-ints": "~1.0.0"
      },
      "engines": {
        "node": ">=18"
      }
    },
    "node_modules/buffer-more-ints": {
      "version": "1.0.0",
      "resolved": "https://repo.plus4u.net/operatorGate/repository/public-javascript/buffer-more-ints/-/buffer-more-ints-1.0.0.tgz",
      "integrity": "sha512-EMetuGFz5SLsT0QTnXzINh4Ksr+oo4i+UGTXEshiGCQWnsgSs7ZhJ8fzlwQ+OzEMs0MpDAMr1hxnblp5a4vcHg==",
      "license": "MIT"
    },
    "node_modules/cbor": {
      "version": "10.0.12",
      "resolved": "https://repo.plus4u.net/operatorGate/repository/public-javascript/cbor/-/cbor-10.0.12.tgz",
      "integrity": "sha512-exQDevYd7ZQLP4moMQcZkKCVZsXLAtUSflObr3xTh4xzFIv/xBCdvCd6L259kQOUP2kcTC0jvC6PpZIf/WmRXA==",
      "license": "MIT",
      "dependencies": {
        "nofilter": "^3.0.2"
      },
      "engines": {
        "node": ">=20"
      }
    },
    "node_modules/nofilter": {
      "version": "3.1.0",
      "resolved": "https://repo.plus4u.net/operatorGate/repository/public-javascript/nofilter/-/nofilter-3.1.0.tgz",
      "integrity": "sha512-l2NNj07e9afPnhAhvgVrCD/oy2Ai1yfLpuo3EpiO1jFTsB4sFz6oIfAfSZyQzVpkZQ9xS8ZS5g1jCBgq4Hwo0g==",
      "license": "MIT",
      "engines": {
        "node": ">=12.19"
      }
    },
    "node_modules/yaml": {
      "version": "2.8.4",
      "resolved": "https://repo.plus4u.net/operatorGate/repository/public-javascript/yaml/-/yaml-2.8.4.tgz",
      "integrity": "sha512-ml/JPOj9fOQK8RNnWojA67GbZ0ApXAUlN2UQclwv2eVgTgn7O9gg9o7paZWKMp4g0H3nTLtS9LVzhkpOFIKzog==",
      "license": "ISC",
      "bin": {
        "yaml": "bin.mjs"
      },
      "engines": {
        "node": ">= 14.6"
      },
      "funding": {
        "url": "https://github.com/sponsors/eemeli"
      }
    }
  }
}
